
Microsoft Visual Studio Solution File, Format Version 12.00
# Visual Studio 15
VisualStudioVersion = 15.0.27130.2003
MinimumVisualStudioVersion = 10.0.40219.1
Project("{8BC9CEB8-8B4A-11D0-8D11-00A0C91BC942}") = "cglab02", "cglab02\cglab02.vcxproj", "{64D8235C-00CC-4CD3-8980-397851494D43}"
EndProject
Global
	GlobalSection(SolutionConfigurationPlatforms) = preSolution
		Debug|x64 = Debug|x64
		Debug|x86 = Debug|x86
		Release|x64 = Release|x64
		Release|x86 = Release|x86
	EndGlobalSection
	GlobalSection(ProjectConfigurationPlatforms) = postSolution
		{64D8235C-00CC-4CD3-8980-397851494D43}.Debug|x64.ActiveCfg = Debug|x64
		{64D8235C-00CC-4CD3-8980-397851494D43}.Debug|x64.Build.0 = Debug|x64
		{64D8235C-00CC-4CD3-8980-397851494D43}.Debug|x86.ActiveCfg = Debug|Win32
		{64D8235C-00CC-4CD3-8980-397851494D43}.Debug|x86.Build.0 = Debug|Win32
		{64D8235C-00CC-4CD3-8980-397851494D43}.Release|x64.ActiveCfg = Release|x64
		{64D8235C-00CC-4CD3-8980-397851494D43}.Release|x64.Build.0 = Release|x64
		{64D8235C-00CC-4CD3-8980-397851494D43}.Release|x86.ActiveCfg = Release|Win32
		{64D8235C-00CC-4CD3-8980-397851494D43}.Release|x86.Build.0 = Release|Win32
	EndGlobalSection
	GlobalSection(SolutionProperties) = preSolution
		HideSolutionNode = FALSE
	EndGlobalSection
	GlobalSection(ExtensibilityGlobals) = postSolution
		SolutionGuid = {D590E853-BB2E-4761-90EE-F312E0854D07}
	EndGlobalSection
EndGlobal
